
Microsoft Visual Studio Solution File, Format Version 12.00
# Visual Studio Version 17
VisualStudioVersion = 17.0.31903.59
MinimumVisualStudioVersion = 10.0.40219.1
Project("{2150E333-8FDC-42A3-9474-1A3956D46DE8}") = "src", "src", "{827E0CD3-B72D-47B6-A68D-7590B98EB39B}"
EndProject
Project("{FAE04EC0-301F-11D3-BF4B-00C04F79EFBC}") = "MyOwnBank.Domain", "src\MyOwnBank.Domain\MyOwnBank.Domain.csproj", "{CEFD0794-3ECE-498A-B2EA-FAD0B8605E52}"
EndProject
Project("{FAE04EC0-301F-11D3-BF4B-00C04F79EFBC}") = "MyOwnBank.Application", "src\MyOwnBank.Application\MyOwnBank.Application.csproj", "{076BD5B3-8E6E-456E-A661-A9BA72F48CBD}"
EndProject
Project("{FAE04EC0-301F-11D3-BF4B-00C04F79EFBC}") = "MyOwnBank.Infrastructure", "src\MyOwnBank.Infrastructure\MyOwnBank.Infrastructure.csproj", "{621EF4CB-FA9B-4B97-A0FC-3F8BC914960B}"
EndProject
Project("{FAE04EC0-301F-11D3-BF4B-00C04F79EFBC}") = "MyOwnBank.Bot", "src\MyOwnBank.Bot\MyOwnBank.Bot.csproj", "{AB0DEB6F-4F39-4C09-9A4E-5A97C2037F94}"
EndProject
Project("{2150E333-8FDC-42A3-9474-1A3956D46DE8}") = "tests", "tests", "{0AB3BF05-4346-4AA6-1389-037BE0695223}"
EndProject
Project("{FAE04EC0-301F-11D3-BF4B-00C04F79EFBC}") = "MyOwnBank.Tests", "tests\MyOwnBank.Tests\MyOwnBank.Tests.csproj", "{4A0D13B8-91CB-4EF4-969A-77CFF772C13B}"
EndProject
Project("{FAE04EC0-301F-11D3-BF4B-00C04F79EFBC}") = "MyOwnBank.MiniApp", "src\MyOwnBank.MiniApp\MyOwnBank.MiniApp.csproj", "{F9E5E800-4C6E-4E83-AF87-0CEECE3AB542}"
EndProject
Global
	GlobalSection(SolutionConfigurationPlatforms) = preSolution
		Debug|Any CPU = Debug|Any CPU
		Debug|x64 = Debug|x64
		Debug|x86 = Debug|x86
		Release|Any CPU = Release|Any CPU
		Release|x64 = Release|x64
		Release|x86 = Release|x86
	EndGlobalSection
	GlobalSection(ProjectConfigurationPlatforms) = postSolution
		{CEFD0794-3ECE-498A-B2EA-FAD0B8605E52}.Debug|Any CPU.ActiveCfg = Debug|Any CPU
		{CEFD0794-3ECE-498A-B2EA-FAD0B8605E52}.Debug|Any CPU.Build.0 = Debug|Any CPU
		{CEFD0794-3ECE-498A-B2EA-FAD0B8605E52}.Debug|x64.ActiveCfg = Debug|Any CPU
		{CEFD0794-3ECE-498A-B2EA-FAD0B8605E52}.Debug|x64.Build.0 = Debug|Any CPU
		{CEFD0794-3ECE-498A-B2EA-FAD0B8605E52}.Debug|x86.ActiveCfg = Debug|Any CPU
		{CEFD0794-3ECE-498A-B2EA-FAD0B8605E52}.Debug|x86.Build.0 = Debug|Any CPU
		{CEFD0794-3ECE-498A-B2EA-FAD0B8605E52}.Release|Any CPU.ActiveCfg = Release|Any CPU
		{CEFD0794-3ECE-498A-B2EA-FAD0B8605E52}.Release|Any CPU.Build.0 = Release|Any CPU
		{CEFD0794-3ECE-498A-B2EA-FAD0B8605E52}.Release|x64.ActiveCfg = Release|Any CPU
		{CEFD0794-3ECE-498A-B2EA-FAD0B8605E52}.Release|x64.Build.0 = Release|Any CPU
		{CEFD0794-3ECE-498A-B2EA-FAD0B8605E52}.Release|x86.ActiveCfg = Release|Any CPU
		{CEFD0794-3ECE-498A-B2EA-FAD0B8605E52}.Release|x86.Build.0 = Release|Any CPU
		{076BD5B3-8E6E-456E-A661-A9BA72F48CBD}.Debug|Any CPU.ActiveCfg = Debug|Any CPU
		{076BD5B3-8E6E-456E-A661-A9BA72F48CBD}.Debug|Any CPU.Build.0 = Debug|Any CPU
		{076BD5B3-8E6E-456E-A661-A9BA72F48CBD}.Debug|x64.ActiveCfg = Debug|Any CPU
		{076BD5B3-8E6E-456E-A661-A9BA72F48CBD}.Debug|x64.Build.0 = Debug|Any CPU
		{076BD5B3-8E6E-456E-A661-A9BA72F48CBD}.Debug|x86.ActiveCfg = Debug|Any CPU
		{076BD5B3-8E6E-456E-A661-A9BA72F48CBD}.Debug|x86.Build.0 = Debug|Any CPU
		{076BD5B3-8E6E-456E-A661-A9BA72F48CBD}.Release|Any CPU.ActiveCfg = Release|Any CPU
		{076BD5B3-8E6E-456E-A661-A9BA72F48CBD}.Release|Any CPU.Build.0 = Release|Any CPU
		{076BD5B3-8E6E-456E-A661-A9BA72F48CBD}.Release|x64.ActiveCfg = Release|Any CPU
		{076BD5B3-8E6E-456E-A661-A9BA72F48CBD}.Release|x64.Build.0 = Release|Any CPU
		{076BD5B3-8E6E-456E-A661-A9BA72F48CBD}.Release|x86.ActiveCfg = Release|Any CPU
		{076BD5B3-8E6E-456E-A661-A9BA72F48CBD}.Release|x86.Build.0 = Release|Any CPU
		{621EF4CB-FA9B-4B97-A0FC-3F8BC914960B}.Debug|Any CPU.ActiveCfg = Debug|Any CPU
		{621EF4CB-FA9B-4B97-A0FC-3F8BC914960B}.Debug|Any CPU.Build.0 = Debug|Any CPU
		{621EF4CB-FA9B-4B97-A0FC-3F8BC914960B}.Debug|x64.ActiveCfg = Debug|Any CPU
		{621EF4CB-FA9B-4B97-A0FC-3F8BC914960B}.Debug|x64.Build.0 = Debug|Any CPU
		{621EF4CB-FA9B-4B97-A0FC-3F8BC914960B}.Debug|x86.ActiveCfg = Debug|Any CPU
		{621EF4CB-FA9B-4B97-A0FC-3F8BC914960B}.Debug|x86.Build.0 = Debug|Any CPU
		{621EF4CB-FA9B-4B97-A0FC-3F8BC914960B}.Release|Any CPU.ActiveCfg = Release|Any CPU
		{621EF4CB-FA9B-4B97-A0FC-3F8BC914960B}.Release|Any CPU.Build.0 = Release|Any CPU
		{621EF4CB-FA9B-4B97-A0FC-3F8BC914960B}.Release|x64.ActiveCfg = Release|Any CPU
		{621EF4CB-FA9B-4B97-A0FC-3F8BC914960B}.Release|x64.Build.0 = Release|Any CPU
		{621EF4CB-FA9B-4B97-A0FC-3F8BC914960B}.Release|x86.ActiveCfg = Release|Any CPU
		{621EF4CB-FA9B-4B97-A0FC-3F8BC914960B}.Release|x86.Build.0 = Release|Any CPU
		{AB0DEB6F-4F39-4C09-9A4E-5A97C2037F94}.Debug|Any CPU.ActiveCfg = Debug|Any CPU
		{AB0DEB6F-4F39-4C09-9A4E-5A97C2037F94}.Debug|Any CPU.Build.0 = Debug|Any CPU
		{AB0DEB6F-4F39-4C09-9A4E-5A97C2037F94}.Debug|x64.ActiveCfg = Debug|Any CPU
		{AB0DEB6F-4F39-4C09-9A4E-5A97C2037F94}.Debug|x64.Build.0 = Debug|Any CPU
		{AB0DEB6F-4F39-4C09-9A4E-5A97C2037F94}.Debug|x86.ActiveCfg = Debug|Any CPU
		{AB0DEB6F-4F39-4C09-9A4E-5A97C2037F94}.Debug|x86.Build.0 = Debug|Any CPU
		{AB0DEB6F-4F39-4C09-9A4E-5A97C2037F94}.Release|Any CPU.ActiveCfg = Release|Any CPU
		{AB0DEB6F-4F39-4C09-9A4E-5A97C2037F94}.Release|Any CPU.Build.0 = Release|Any CPU
		{AB0DEB6F-4F39-4C09-9A4E-5A97C2037F94}.Release|x64.ActiveCfg = Release|Any CPU
		{AB0DEB6F-4F39-4C09-9A4E-5A97C2037F94}.Release|x64.Build.0 = Release|Any CPU
		{AB0DEB6F-4F39-4C09-9A4E-5A97C2037F94}.Release|x86.ActiveCfg = Release|Any CPU
		{AB0DEB6F-4F39-4C09-9A4E-5A97C2037F94}.Release|x86.Build.0 = Release|Any CPU
		{4A0D13B8-91CB-4EF4-969A-77CFF772C13B}.Debug|Any CPU.ActiveCfg = Debug|Any CPU
		{4A0D13B8-91CB-4EF4-969A-77CFF772C13B}.Debug|Any CPU.Build.0 = Debug|Any CPU
		{4A0D13B8-91CB-4EF4-969A-77CFF772C13B}.Debug|x64.ActiveCfg = Debug|Any CPU
		{4A0D13B8-91CB-4EF4-969A-77CFF772C13B}.Debug|x64.Build.0 = Debug|Any CPU
		{4A0D13B8-91CB-4EF4-969A-77CFF772C13B}.Debug|x86.ActiveCfg = Debug|Any CPU
		{4A0D13B8-91CB-4EF4-969A-77CFF772C13B}.Debug|x86.Build.0 = Debug|Any CPU
		{4A0D13B8-91CB-4EF4-969A-77CFF772C13B}.Release|Any CPU.ActiveCfg = Release|Any CPU
		{4A0D13B8-91CB-4EF4-969A-77CFF772C13B}.Release|Any CPU.Build.0 = Release|Any CPU
		{4A0D13B8-91CB-4EF4-969A-77CFF772C13B}.Release|x64.ActiveCfg = Release|Any CPU
		{4A0D13B8-91CB-4EF4-969A-77CFF772C13B}.Release|x64.Build.0 = Release|Any CPU
		{4A0D13B8-91CB-4EF4-969A-77CFF772C13B}.Release|x86.ActiveCfg = Release|Any CPU
		{4A0D13B8-91CB-4EF4-969A-77CFF772C13B}.Release|x86.Build.0 = Release|Any CPU
		{F9E5E800-4C6E-4E83-AF87-0CEECE3AB542}.Debug|Any CPU.ActiveCfg = Debug|Any CPU
		{F9E5E800-4C6E-4E83-AF87-0CEECE3AB542}.Debug|Any CPU.Build.0 = Debug|Any CPU
		{F9E5E800-4C6E-4E83-AF87-0CEECE3AB542}.Debug|x64.ActiveCfg = Debug|Any CPU
		{F9E5E800-4C6E-4E83-AF87-0CEECE3AB542}.Debug|x64.Build.0 = Debug|Any CPU
		{F9E5E800-4C6E-4E83-AF87-0CEECE3AB542}.Debug|x86.ActiveCfg = Debug|Any CPU
		{F9E5E800-4C6E-4E83-AF87-0CEECE3AB542}.Debug|x86.Build.0 = Debug|Any CPU
		{F9E5E800-4C6E-4E83-AF87-0CEECE3AB542}.Release|Any CPU.ActiveCfg = Release|Any CPU
		{F9E5E800-4C6E-4E83-AF87-0CEECE3AB542}.Release|Any CPU.Build.0 = Release|Any CPU
		{F9E5E800-4C6E-4E83-AF87-0CEECE3AB542}.Release|x64.ActiveCfg = Release|Any CPU
		{F9E5E800-4C6E-4E83-AF87-0CEECE3AB542}.Release|x64.Build.0 = Release|Any CPU
		{F9E5E800-4C6E-4E83-AF87-0CEECE3AB542}.Release|x86.ActiveCfg = Release|Any CPU
		{F9E5E800-4C6E-4E83-AF87-0CEECE3AB542}.Release|x86.Build.0 = Release|Any CPU
	EndGlobalSection
	GlobalSection(SolutionProperties) = preSolution
		HideSolutionNode = FALSE
	EndGlobalSection
	GlobalSection(NestedProjects) = preSolution
		{CEFD0794-3ECE-498A-B2EA-FAD0B8605E52} = {827E0CD3-B72D-47B6-A68D-7590B98EB39B}
		{076BD5B3-8E6E-456E-A661-A9BA72F48CBD} = {827E0CD3-B72D-47B6-A68D-7590B98EB39B}
		{621EF4CB-FA9B-4B97-A0FC-3F8BC914960B} = {827E0CD3-B72D-47B6-A68D-7590B98EB39B}
		{AB0DEB6F-4F39-4C09-9A4E-5A97C2037F94} = {827E0CD3-B72D-47B6-A68D-7590B98EB39B}
		{4A0D13B8-91CB-4EF4-969A-77CFF772C13B} = {0AB3BF05-4346-4AA6-1389-037BE0695223}
		{F9E5E800-4C6E-4E83-AF87-0CEECE3AB542} = {827E0CD3-B72D-47B6-A68D-7590B98EB39B}
	EndGlobalSection
EndGlobal
